
Microsoft Visual Studio Solution File, Format Version 12.00
# Visual Studio Version 17
VisualStudioVersion = 17.0.32014.148
MinimumVisualStudioVersion = 10.0.40219.1
Project("{FAE04EC0-301F-11D3-BF4B-00C04F79EFBC}") = "Discord Bot", "Discord Bot\Discord Bot.csproj", "{D6787F25-82E8-4E30-86C1-28EE4E4F4AB6}"
EndProject
Project("{2150E333-8FDC-42A3-9474-1A3956D46DE8}") = "Solution Items", "Solution Items", "{4FB9668F-D74D-487C-AB57-BBC07CB3EBF8}"
	ProjectSection(SolutionItems) = preProject
		README.md = README.md
	EndProjectSection
EndProject
Global
	GlobalSection(SolutionConfigurationPlatforms) = preSolution
		Debug|Any CPU = Debug|Any CPU
		Release|Any CPU = Release|Any CPU
	EndGlobalSection
	GlobalSection(ProjectConfigurationPlatforms) = postSolution
		{D6787F25-82E8-4E30-86C1-28EE4E4F4AB6}.Debug|Any CPU.ActiveCfg = Debug|Any CPU
		{D6787F25-82E8-4E30-86C1-28EE4E4F4AB6}.Debug|Any CPU.Build.0 = Debug|Any CPU
		{D6787F25-82E8-4E30-86C1-28EE4E4F4AB6}.Release|Any CPU.ActiveCfg = Release|Any CPU
		{D6787F25-82E8-4E30-86C1-28EE4E4F4AB6}.Release|Any CPU.Build.0 = Release|Any CPU
	EndGlobalSection
	GlobalSection(SolutionProperties) = preSolution
		HideSolutionNode = FALSE
	EndGlobalSection
	GlobalSection(ExtensibilityGlobals) = postSolution
		SolutionGuid = {230771D5-DD47-482E-80C6-49BD935BF2DB}
	EndGlobalSection
EndGlobal
